
Microsoft Visual Studio Solution File, Format Version 12.00
# Visual Studio Version 16
VisualStudioVersion = 16.0.28803.202
MinimumVisualStudioVersion = 10.0.40219.1
Project("{2150E333-8FDC-42A3-9474-1A3956D46DE8}") = "Docs", "Docs", "{1DC11E6C-3E64-49AF-A0A9-D06770F79B85}"
EndProject
Project("{2150E333-8FDC-42A3-9474-1A3956D46DE8}") = "src", "src", "{4CBE2E7D-C038-45D8-9CF2-C12C6406C6D3}"
EndProject
Project("{2150E333-8FDC-42A3-9474-1A3956D46DE8}") = "Common", "Common", "{423FC018-3CC8-4704-A50B-0571681F3362}"
EndProject
Project("{2150E333-8FDC-42A3-9474-1A3956D46DE8}") = "Core", "Core", "{FA8F3AC7-2DF4-442D-8403-C92AE40DA7A1}"
EndProject
Project("{2150E333-8FDC-42A3-9474-1A3956D46DE8}") = "Infrastructure", "Infrastructure", "{D2140014-E460-4022-AABD-F6945CFEF779}"
EndProject
Project("{2150E333-8FDC-42A3-9474-1A3956D46DE8}") = "Presentation", "Presentation", "{CF773E66-968C-4771-AF15-76504FF2CC46}"
EndProject
Project("{9A19103F-16F7-4668-BE54-9A1E7A4F7556}") = "rs_service.Domain", "rs_service.Domain\rs_service.Domain.csproj", "{91345BE6-92F4-4A36-8CBF-76332CA89BA1}"
EndProject
Project("{9A19103F-16F7-4668-BE54-9A1E7A4F7556}") = "rs_service.Application", "rs_service.Application\rs_service.Application.csproj", "{24D6F896-CB28-452F-854E-917440D538A8}"
	ProjectSection(ProjectDependencies) = postProject
		{91345BE6-92F4-4A36-8CBF-76332CA89BA1} = {91345BE6-92F4-4A36-8CBF-76332CA89BA1}
	EndProjectSection
EndProject
Project("{9A19103F-16F7-4668-BE54-9A1E7A4F7556}") = "rs_service.Infrastructure", "rs_service.Infrastructure\rs_service.Infrastructure.csproj", "{13474A09-51E9-4B83-83C7-54165E047A55}"
EndProject
Project("{9A19103F-16F7-4668-BE54-9A1E7A4F7556}") = "rs_service.Common", "rs_service.Common\rs_service.Common.csproj", "{AF6857B1-2D38-4200-A5EE-E0DB067F4C1F}"
EndProject
Project("{9A19103F-16F7-4668-BE54-9A1E7A4F7556}") = "rs_service.Persistence", "rs_service.Persistence\rs_service.Persistence.csproj", "{C54F0896-E380-47E4-A0A0-FFDB6EA72D33}"
EndProject
Project("{9A19103F-16F7-4668-BE54-9A1E7A4F7556}") = "rs_service.APICore", "rs_service.APICore\rs_service.APICore.csproj", "{1CB48A8A-9DF6-4BBC-AF78-A18AC863DB78}"
	ProjectSection(ProjectDependencies) = postProject
		{13474A09-51E9-4B83-83C7-54165E047A55} = {13474A09-51E9-4B83-83C7-54165E047A55}
		{C54F0896-E380-47E4-A0A0-FFDB6EA72D33} = {C54F0896-E380-47E4-A0A0-FFDB6EA72D33}
		{AF6857B1-2D38-4200-A5EE-E0DB067F4C1F} = {AF6857B1-2D38-4200-A5EE-E0DB067F4C1F}
	EndProjectSection
EndProject
Global
	GlobalSection(SolutionConfigurationPlatforms) = preSolution
		Debug|Any CPU = Debug|Any CPU
		Release|Any CPU = Release|Any CPU
	EndGlobalSection
	GlobalSection(ProjectConfigurationPlatforms) = postSolution
		{91345BE6-92F4-4A36-8CBF-76332CA89BA1}.Debug|Any CPU.ActiveCfg = Debug|Any CPU
		{91345BE6-92F4-4A36-8CBF-76332CA89BA1}.Debug|Any CPU.Build.0 = Debug|Any CPU
		{91345BE6-92F4-4A36-8CBF-76332CA89BA1}.Release|Any CPU.ActiveCfg = Release|Any CPU
		{91345BE6-92F4-4A36-8CBF-76332CA89BA1}.Release|Any CPU.Build.0 = Release|Any CPU
		{24D6F896-CB28-452F-854E-917440D538A8}.Debug|Any CPU.ActiveCfg = Debug|Any CPU
		{24D6F896-CB28-452F-854E-917440D538A8}.Debug|Any CPU.Build.0 = Debug|Any CPU
		{24D6F896-CB28-452F-854E-917440D538A8}.Release|Any CPU.ActiveCfg = Release|Any CPU
		{24D6F896-CB28-452F-854E-917440D538A8}.Release|Any CPU.Build.0 = Release|Any CPU
		{13474A09-51E9-4B83-83C7-54165E047A55}.Debug|Any CPU.ActiveCfg = Debug|Any CPU
		{13474A09-51E9-4B83-83C7-54165E047A55}.Debug|Any CPU.Build.0 = Debug|Any CPU
		{13474A09-51E9-4B83-83C7-54165E047A55}.Release|Any CPU.ActiveCfg = Release|Any CPU
		{13474A09-51E9-4B83-83C7-54165E047A55}.Release|Any CPU.Build.0 = Release|Any CPU
		{AF6857B1-2D38-4200-A5EE-E0DB067F4C1F}.Debug|Any CPU.ActiveCfg = Debug|Any CPU
		{AF6857B1-2D38-4200-A5EE-E0DB067F4C1F}.Debug|Any CPU.Build.0 = Debug|Any CPU
		{AF6857B1-2D38-4200-A5EE-E0DB067F4C1F}.Release|Any CPU.ActiveCfg = Release|Any CPU
		{AF6857B1-2D38-4200-A5EE-E0DB067F4C1F}.Release|Any CPU.Build.0 = Release|Any CPU
		{C54F0896-E380-47E4-A0A0-FFDB6EA72D33}.Debug|Any CPU.ActiveCfg = Debug|Any CPU
		{C54F0896-E380-47E4-A0A0-FFDB6EA72D33}.Debug|Any CPU.Build.0 = Debug|Any CPU
		{C54F0896-E380-47E4-A0A0-FFDB6EA72D33}.Release|Any CPU.ActiveCfg = Release|Any CPU
		{C54F0896-E380-47E4-A0A0-FFDB6EA72D33}.Release|Any CPU.Build.0 = Release|Any CPU
		{1CB48A8A-9DF6-4BBC-AF78-A18AC863DB78}.Debug|Any CPU.ActiveCfg = Debug|Any CPU
		{1CB48A8A-9DF6-4BBC-AF78-A18AC863DB78}.Debug|Any CPU.Build.0 = Debug|Any CPU
		{1CB48A8A-9DF6-4BBC-AF78-A18AC863DB78}.Release|Any CPU.ActiveCfg = Release|Any CPU
		{1CB48A8A-9DF6-4BBC-AF78-A18AC863DB78}.Release|Any CPU.Build.0 = Release|Any CPU
	EndGlobalSection
	GlobalSection(SolutionProperties) = preSolution
		HideSolutionNode = FALSE
	EndGlobalSection
	GlobalSection(NestedProjects) = preSolution
		{423FC018-3CC8-4704-A50B-0571681F3362} = {4CBE2E7D-C038-45D8-9CF2-C12C6406C6D3}
		{FA8F3AC7-2DF4-442D-8403-C92AE40DA7A1} = {4CBE2E7D-C038-45D8-9CF2-C12C6406C6D3}
		{D2140014-E460-4022-AABD-F6945CFEF779} = {4CBE2E7D-C038-45D8-9CF2-C12C6406C6D3}
		{CF773E66-968C-4771-AF15-76504FF2CC46} = {4CBE2E7D-C038-45D8-9CF2-C12C6406C6D3}
		{91345BE6-92F4-4A36-8CBF-76332CA89BA1} = {FA8F3AC7-2DF4-442D-8403-C92AE40DA7A1}
		{24D6F896-CB28-452F-854E-917440D538A8} = {FA8F3AC7-2DF4-442D-8403-C92AE40DA7A1}
		{13474A09-51E9-4B83-83C7-54165E047A55} = {D2140014-E460-4022-AABD-F6945CFEF779}
		{AF6857B1-2D38-4200-A5EE-E0DB067F4C1F} = {423FC018-3CC8-4704-A50B-0571681F3362}
		{C54F0896-E380-47E4-A0A0-FFDB6EA72D33} = {D2140014-E460-4022-AABD-F6945CFEF779}
		{1CB48A8A-9DF6-4BBC-AF78-A18AC863DB78} = {CF773E66-968C-4771-AF15-76504FF2CC46}
	EndGlobalSection
	GlobalSection(ExtensibilityGlobals) = postSolution
		SolutionGuid = {F7E7F4B4-D77A-4379-AA99-3FBEACC010F1}
	EndGlobalSection
EndGlobal
